{
  "name": "sjb-geometry",
  "version": "1.0.6",
  "lockfileVersion": 1,
  "requires": true,
  "dependencies": {
    "sjb-physics": {
      "version": "1.0.5",
      "resolved": "https://registry.npmjs.org/sjb-physics/-/sjb-physics-1.0.5.tgz",
      "integrity": "sha512-SPXb4Sr8esYpS36Th5F3fKw0UVZLVTi54Nof4vGLNlgSiwvgMddaMOXV1szonjSeMpKy8DhnM65efveY7QepOA==",
      "requires": {
        "sjb-utils": "^1.0.12"
      }
    },
    "sjb-utils": {
      "version": "1.0.13",
      "resolved": "https://registry.npmjs.org/sjb-utils/-/sjb-utils-1.0.13.tgz",
      "integrity": "sha512-bcvxz4MjLi4M0S3pzURInC2b9MFHjTJ91p68SxP37lmb9i6IXiVo3oytSfjIO+MQPePXtkuHMqh1dQGB3YfKQA=="
    }
  }
}
